<?xml version="1.0" encoding="UTF-8"?>
<CodeBlocks_project_file>
	<FileVersion major="1" minor="6"/>
	<Project>
		<Option title="SFML"/>
		<Option makefile_is_custom="1"/>
		<Option compiler="gcc"/>
		<Option virtualFolders="CMake Files\;CMake Files\cmake\;CMake Files\cmake\Modules\;CMake Files\tools\;CMake Files\tools\pkg-config\;CMake Files\src\;CMake Files\src\SFML\;CMake Files\src\SFML\System\;CMake Files\src\SFML\Window\;CMake Files\src\SFML\Network\;CMake Files\src\SFML\Graphics\;CMake Files\src\SFML\Audio\;"/>
		<Build>
			<Target title="all">
				<Option working_dir="/home/hyuri/CGprojeto/build-SFML-master-Desktop-Default"/>
				<Option type="4"/>
				<MakeCommands>
					<Build command="/usr/bin/make -j4 -f &quot;/home/hyuri/CGprojeto/build-SFML-master-Desktop-Default/Makefile&quot;  VERBOSE=1 all"/>
					<CompileFile command="/usr/bin/make -j4 -f &quot;/home/hyuri/CGprojeto/build-SFML-master-Desktop-Default/Makefile&quot;  VERBOSE=1 &quot;$file&quot;"/>
					<Clean command="/usr/bin/make -j4 -f &quot;/home/hyuri/CGprojeto/build-SFML-master-Desktop-Default/Makefile&quot;  VERBOSE=1 clean"/>
					<DistClean command="/usr/bin/make -j4 -f &quot;/home/hyuri/CGprojeto/build-SFML-master-Desktop-Default/Makefile&quot;  VERBOSE=1 clean"/>
				</MakeCommands>
			</Target>
			<Target title="install/strip">
				<Option working_dir="/home/hyuri/CGprojeto/build-SFML-master-Desktop-Default"/>
				<Option type="4"/>
				<MakeCommands>
					<Build command="/usr/bin/make -j4 -f &quot;/home/hyuri/CGprojeto/build-SFML-master-Desktop-Default/Makefile&quot;  VERBOSE=1 install/strip"/>
					<CompileFile command="/usr/bin/make -j4 -f &quot;/home/hyuri/CGprojeto/build-SFML-master-Desktop-Default/Makefile&quot;  VERBOSE=1 &quot;$file&quot;"/>
					<Clean command="/usr/bin/make -j4 -f &quot;/home/hyuri/CGprojeto/build-SFML-master-Desktop-Default/Makefile&quot;  VERBOSE=1 clean"/>
					<DistClean command="/usr/bin/make -j4 -f &quot;/home/hyuri/CGprojeto/build-SFML-master-Desktop-Default/Makefile&quot;  VERBOSE=1 clean"/>
				</MakeCommands>
			</Target>
			<Target title="install">
				<Option working_dir="/home/hyuri/CGprojeto/build-SFML-master-Desktop-Default"/>
				<Option type="4"/>
				<MakeCommands>
					<Build command="/usr/bin/make -j4 -f &quot;/home/hyuri/CGprojeto/build-SFML-master-Desktop-Default/Makefile&quot;  VERBOSE=1 install"/>
					<CompileFile command="/usr/bin/make -j4 -f &quot;/home/hyuri/CGprojeto/build-SFML-master-Desktop-Default/Makefile&quot;  VERBOSE=1 &quot;$file&quot;"/>
					<Clean command="/usr/bin/make -j4 -f &quot;/home/hyuri/CGprojeto/build-SFML-master-Desktop-Default/Makefile&quot;  VERBOSE=1 clean"/>
					<DistClean command="/usr/bin/make -j4 -f &quot;/home/hyuri/CGprojeto/build-SFML-master-Desktop-Default/Makefile&quot;  VERBOSE=1 clean"/>
				</MakeCommands>
			</Target>
			<Target title="install/local">
				<Option working_dir="/home/hyuri/CGprojeto/build-SFML-master-Desktop-Default"/>
				<Option type="4"/>
				<MakeCommands>
					<Build command="/usr/bin/make -j4 -f &quot;/home/hyuri/CGprojeto/build-SFML-master-Desktop-Default/Makefile&quot;  VERBOSE=1 install/local"/>
					<CompileFile command="/usr/bin/make -j4 -f &quot;/home/hyuri/CGprojeto/build-SFML-master-Desktop-Default/Makefile&quot;  VERBOSE=1 &quot;$file&quot;"/>
					<Clean command="/usr/bin/make -j4 -f &quot;/home/hyuri/CGprojeto/build-SFML-master-Desktop-Default/Makefile&quot;  VERBOSE=1 clean"/>
					<DistClean command="/usr/bin/make -j4 -f &quot;/home/hyuri/CGprojeto/build-SFML-master-Desktop-Default/Makefile&quot;  VERBOSE=1 clean"/>
				</MakeCommands>
			</Target>
			<Target title="list_install_components">
				<Option working_dir="/home/hyuri/CGprojeto/build-SFML-master-Desktop-Default"/>
				<Option type="4"/>
				<MakeCommands>
					<Build command="/usr/bin/make -j4 -f &quot;/home/hyuri/CGprojeto/build-SFML-master-Desktop-Default/Makefile&quot;  VERBOSE=1 list_install_components"/>
					<CompileFile command="/usr/bin/make -j4 -f &quot;/home/hyuri/CGprojeto/build-SFML-master-Desktop-Default/Makefile&quot;  VERBOSE=1 &quot;$file&quot;"/>
					<Clean command="/usr/bin/make -j4 -f &quot;/home/hyuri/CGprojeto/build-SFML-master-Desktop-Default/Makefile&quot;  VERBOSE=1 clean"/>
					<DistClean command="/usr/bin/make -j4 -f &quot;/home/hyuri/CGprojeto/build-SFML-master-Desktop-Default/Makefile&quot;  VERBOSE=1 clean"/>
				</MakeCommands>
			</Target>
			<Target title="edit_cache">
				<Option working_dir="/home/hyuri/CGprojeto/build-SFML-master-Desktop-Default"/>
				<Option type="4"/>
				<MakeCommands>
					<Build command="/usr/bin/make -j4 -f &quot;/home/hyuri/CGprojeto/build-SFML-master-Desktop-Default/Makefile&quot;  VERBOSE=1 edit_cache"/>
					<CompileFile command="/usr/bin/make -j4 -f &quot;/home/hyuri/CGprojeto/build-SFML-master-Desktop-Default/Makefile&quot;  VERBOSE=1 &quot;$file&quot;"/>
					<Clean command="/usr/bin/make -j4 -f &quot;/home/hyuri/CGprojeto/build-SFML-master-Desktop-Default/Makefile&quot;  VERBOSE=1 clean"/>
					<DistClean command="/usr/bin/make -j4 -f &quot;/home/hyuri/CGprojeto/build-SFML-master-Desktop-Default/Makefile&quot;  VERBOSE=1 clean"/>
				</MakeCommands>
			</Target>
			<Target title="rebuild_cache">
				<Option working_dir="/home/hyuri/CGprojeto/build-SFML-master-Desktop-Default"/>
				<Option type="4"/>
				<MakeCommands>
					<Build command="/usr/bin/make -j4 -f &quot;/home/hyuri/CGprojeto/build-SFML-master-Desktop-Default/Makefile&quot;  VERBOSE=1 rebuild_cache"/>
					<CompileFile command="/usr/bin/make -j4 -f &quot;/home/hyuri/CGprojeto/build-SFML-master-Desktop-Default/Makefile&quot;  VERBOSE=1 &quot;$file&quot;"/>
					<Clean command="/usr/bin/make -j4 -f &quot;/home/hyuri/CGprojeto/build-SFML-master-Desktop-Default/Makefile&quot;  VERBOSE=1 clean"/>
					<DistClean command="/usr/bin/make -j4 -f &quot;/home/hyuri/CGprojeto/build-SFML-master-Desktop-Default/Makefile&quot;  VERBOSE=1 clean"/>
				</MakeCommands>
			</Target>
			<Target title="sfml-system">
				<Option output="/home/hyuri/CGprojeto/build-SFML-master-Desktop-Default/lib/libsfml-system.so" prefix_auto="0" extension_auto="0"/>
				<Option working_dir="/home/hyuri/CGprojeto/build-SFML-master-Desktop-Default/src/SFML/System"/>
				<Option object_output="./"/>
				<Option type="3"/>
				<Option compiler="gcc"/>
				<Compiler>
					<Add directory="/home/hyuri/CGprojeto/SFML-master/include"/>
					<Add directory="/home/hyuri/CGprojeto/SFML-master/src"/>
					<Add directory="/usr/include/c++/7"/>
					<Add directory="/usr/include/x86_64-linux-gnu/c++/7"/>
					<Add directory="/usr/include/c++/7/backward"/>
					<Add directory="/usr/lib/gcc/x86_64-linux-gnu/7/include"/>
					<Add directory="/usr/local/include"/>
					<Add directory="/usr/lib/gcc/x86_64-linux-gnu/7/include-fixed"/>
					<Add directory="/usr/include/x86_64-linux-gnu"/>
					<Add directory="/usr/include"/>
				</Compiler>
				<MakeCommands>
					<Build command="/usr/bin/make -j4 -f &quot;/home/hyuri/CGprojeto/build-SFML-master-Desktop-Default/src/SFML/System/Makefile&quot;  VERBOSE=1 sfml-system"/>
					<CompileFile command="/usr/bin/make -j4 -f &quot;/home/hyuri/CGprojeto/build-SFML-master-Desktop-Default/src/SFML/System/Makefile&quot;  VERBOSE=1 &quot;$file&quot;"/>
					<Clean command="/usr/bin/make -j4 -f &quot;/home/hyuri/CGprojeto/build-SFML-master-Desktop-Default/src/SFML/System/Makefile&quot;  VERBOSE=1 clean"/>
					<DistClean command="/usr/bin/make -j4 -f &quot;/home/hyuri/CGprojeto/build-SFML-master-Desktop-Default/src/SFML/System/Makefile&quot;  VERBOSE=1 clean"/>
				</MakeCommands>
			</Target>
			<Target title="sfml-system/fast">
				<Option output="/home/hyuri/CGprojeto/build-SFML-master-Desktop-Default/lib/libsfml-system.so" prefix_auto="0" extension_auto="0"/>
				<Option working_dir="/home/hyuri/CGprojeto/build-SFML-master-Desktop-Default/src/SFML/System"/>
				<Option object_output="./"/>
				<Option type="3"/>
				<Option compiler="gcc"/>
				<Compiler>
					<Add directory="/home/hyuri/CGprojeto/SFML-master/include"/>
					<Add directory="/home/hyuri/CGprojeto/SFML-master/src"/>
					<Add directory="/usr/include/c++/7"/>
					<Add directory="/usr/include/x86_64-linux-gnu/c++/7"/>
					<Add directory="/usr/include/c++/7/backward"/>
					<Add directory="/usr/lib/gcc/x86_64-linux-gnu/7/include"/>
					<Add directory="/usr/local/include"/>
					<Add directory="/usr/lib/gcc/x86_64-linux-gnu/7/include-fixed"/>
					<Add directory="/usr/include/x86_64-linux-gnu"/>
					<Add directory="/usr/include"/>
				</Compiler>
				<MakeCommands>
					<Build command="/usr/bin/make -j4 -f &quot;/home/hyuri/CGprojeto/build-SFML-master-Desktop-Default/src/SFML/System/Makefile&quot;  VERBOSE=1 sfml-system/fast"/>
					<CompileFile command="/usr/bin/make -j4 -f &quot;/home/hyuri/CGprojeto/build-SFML-master-Desktop-Default/src/SFML/System/Makefile&quot;  VERBOSE=1 &quot;$file&quot;"/>
					<Clean command="/usr/bin/make -j4 -f &quot;/home/hyuri/CGprojeto/build-SFML-master-Desktop-Default/src/SFML/System/Makefile&quot;  VERBOSE=1 clean"/>
					<DistClean command="/usr/bin/make -j4 -f &quot;/home/hyuri/CGprojeto/build-SFML-master-Desktop-Default/src/SFML/System/Makefile&quot;  VERBOSE=1 clean"/>
				</MakeCommands>
			</Target>
			<Target title="sfml-window">
				<Option output="/home/hyuri/CGprojeto/build-SFML-master-Desktop-Default/lib/libsfml-window.so" prefix_auto="0" extension_auto="0"/>
				<Option working_dir="/home/hyuri/CGprojeto/build-SFML-master-Desktop-Default/src/SFML/Window"/>
				<Option object_output="./"/>
				<Option type="3"/>
				<Option compiler="gcc"/>
				<Compiler>
					<Add directory="/home/hyuri/CGprojeto/SFML-master/include"/>
					<Add directory="/home/hyuri/CGprojeto/SFML-master/src"/>
					<Add directory="/usr/include/c++/7"/>
					<Add directory="/usr/include/x86_64-linux-gnu/c++/7"/>
					<Add directory="/usr/include/c++/7/backward"/>
					<Add directory="/usr/lib/gcc/x86_64-linux-gnu/7/include"/>
					<Add directory="/usr/local/include"/>
					<Add directory="/usr/lib/gcc/x86_64-linux-gnu/7/include-fixed"/>
					<Add directory="/usr/include/x86_64-linux-gnu"/>
					<Add directory="/usr/include"/>
				</Compiler>
				<MakeCommands>
					<Build command="/usr/bin/make -j4 -f &quot;/home/hyuri/CGprojeto/build-SFML-master-Desktop-Default/src/SFML/Window/Makefile&quot;  VERBOSE=1 sfml-window"/>
					<CompileFile command="/usr/bin/make -j4 -f &quot;/home/hyuri/CGprojeto/build-SFML-master-Desktop-Default/src/SFML/Window/Makefile&quot;  VERBOSE=1 &quot;$file&quot;"/>
					<Clean command="/usr/bin/make -j4 -f &quot;/home/hyuri/CGprojeto/build-SFML-master-Desktop-Default/src/SFML/Window/Makefile&quot;  VERBOSE=1 clean"/>
					<DistClean command="/usr/bin/make -j4 -f &quot;/home/hyuri/CGprojeto/build-SFML-master-Desktop-Default/src/SFML/Window/Makefile&quot;  VERBOSE=1 clean"/>
				</MakeCommands>
			</Target>
			<Target title="sfml-window/fast">
				<Option output="/home/hyuri/CGprojeto/build-SFML-master-Desktop-Default/lib/libsfml-window.so" prefix_auto="0" extension_auto="0"/>
				<Option working_dir="/home/hyuri/CGprojeto/build-SFML-master-Desktop-Default/src/SFML/Window"/>
				<Option object_output="./"/>
				<Option type="3"/>
				<Option compiler="gcc"/>
				<Compiler>
					<Add directory="/home/hyuri/CGprojeto/SFML-master/include"/>
					<Add directory="/home/hyuri/CGprojeto/SFML-master/src"/>
					<Add directory="/usr/include/c++/7"/>
					<Add directory="/usr/include/x86_64-linux-gnu/c++/7"/>
					<Add directory="/usr/include/c++/7/backward"/>
					<Add directory="/usr/lib/gcc/x86_64-linux-gnu/7/include"/>
					<Add directory="/usr/local/include"/>
					<Add directory="/usr/lib/gcc/x86_64-linux-gnu/7/include-fixed"/>
					<Add directory="/usr/include/x86_64-linux-gnu"/>
					<Add directory="/usr/include"/>
				</Compiler>
				<MakeCommands>
					<Build command="/usr/bin/make -j4 -f &quot;/home/hyuri/CGprojeto/build-SFML-master-Desktop-Default/src/SFML/Window/Makefile&quot;  VERBOSE=1 sfml-window/fast"/>
					<CompileFile command="/usr/bin/make -j4 -f &quot;/home/hyuri/CGprojeto/build-SFML-master-Desktop-Default/src/SFML/Window/Makefile&quot;  VERBOSE=1 &quot;$file&quot;"/>
					<Clean command="/usr/bin/make -j4 -f &quot;/home/hyuri/CGprojeto/build-SFML-master-Desktop-Default/src/SFML/Window/Makefile&quot;  VERBOSE=1 clean"/>
					<DistClean command="/usr/bin/make -j4 -f &quot;/home/hyuri/CGprojeto/build-SFML-master-Desktop-Default/src/SFML/Window/Makefile&quot;  VERBOSE=1 clean"/>
				</MakeCommands>
			</Target>
			<Target title="sfml-network">
				<Option output="/home/hyuri/CGprojeto/build-SFML-master-Desktop-Default/lib/libsfml-network.so" prefix_auto="0" extension_auto="0"/>
				<Option working_dir="/home/hyuri/CGprojeto/build-SFML-master-Desktop-Default/src/SFML/Network"/>
				<Option object_output="./"/>
				<Option type="3"/>
				<Option compiler="gcc"/>
				<Compiler>
					<Add directory="/home/hyuri/CGprojeto/SFML-master/include"/>
					<Add directory="/home/hyuri/CGprojeto/SFML-master/src"/>
					<Add directory="/usr/include/c++/7"/>
					<Add directory="/usr/include/x86_64-linux-gnu/c++/7"/>
					<Add directory="/usr/include/c++/7/backward"/>
					<Add directory="/usr/lib/gcc/x86_64-linux-gnu/7/include"/>
					<Add directory="/usr/local/include"/>
					<Add directory="/usr/lib/gcc/x86_64-linux-gnu/7/include-fixed"/>
					<Add directory="/usr/include/x86_64-linux-gnu"/>
					<Add directory="/usr/include"/>
				</Compiler>
				<MakeCommands>
					<Build command="/usr/bin/make -j4 -f &quot;/home/hyuri/CGprojeto/build-SFML-master-Desktop-Default/src/SFML/Network/Makefile&quot;  VERBOSE=1 sfml-network"/>
					<CompileFile command="/usr/bin/make -j4 -f &quot;/home/hyuri/CGprojeto/build-SFML-master-Desktop-Default/src/SFML/Network/Makefile&quot;  VERBOSE=1 &quot;$file&quot;"/>
					<Clean command="/usr/bin/make -j4 -f &quot;/home/hyuri/CGprojeto/build-SFML-master-Desktop-Default/src/SFML/Network/Makefile&quot;  VERBOSE=1 clean"/>
					<DistClean command="/usr/bin/make -j4 -f &quot;/home/hyuri/CGprojeto/build-SFML-master-Desktop-Default/src/SFML/Network/Makefile&quot;  VERBOSE=1 clean"/>
				</MakeCommands>
			</Target>
			<Target title="sfml-network/fast">
				<Option output="/home/hyuri/CGprojeto/build-SFML-master-Desktop-Default/lib/libsfml-network.so" prefix_auto="0" extension_auto="0"/>
				<Option working_dir="/home/hyuri/CGprojeto/build-SFML-master-Desktop-Default/src/SFML/Network"/>
				<Option object_output="./"/>
				<Option type="3"/>
				<Option compiler="gcc"/>
				<Compiler>
					<Add directory="/home/hyuri/CGprojeto/SFML-master/include"/>
					<Add directory="/home/hyuri/CGprojeto/SFML-master/src"/>
					<Add directory="/usr/include/c++/7"/>
					<Add directory="/usr/include/x86_64-linux-gnu/c++/7"/>
					<Add directory="/usr/include/c++/7/backward"/>
					<Add directory="/usr/lib/gcc/x86_64-linux-gnu/7/include"/>
					<Add directory="/usr/local/include"/>
					<Add directory="/usr/lib/gcc/x86_64-linux-gnu/7/include-fixed"/>
					<Add directory="/usr/include/x86_64-linux-gnu"/>
					<Add directory="/usr/include"/>
				</Compiler>
				<MakeCommands>
					<Build command="/usr/bin/make -j4 -f &quot;/home/hyuri/CGprojeto/build-SFML-master-Desktop-Default/src/SFML/Network/Makefile&quot;  VERBOSE=1 sfml-network/fast"/>
					<CompileFile command="/usr/bin/make -j4 -f &quot;/home/hyuri/CGprojeto/build-SFML-master-Desktop-Default/src/SFML/Network/Makefile&quot;  VERBOSE=1 &quot;$file&quot;"/>
					<Clean command="/usr/bin/make -j4 -f &quot;/home/hyuri/CGprojeto/build-SFML-master-Desktop-Default/src/SFML/Network/Makefile&quot;  VERBOSE=1 clean"/>
					<DistClean command="/usr/bin/make -j4 -f &quot;/home/hyuri/CGprojeto/build-SFML-master-Desktop-Default/src/SFML/Network/Makefile&quot;  VERBOSE=1 clean"/>
				</MakeCommands>
			</Target>
			<Target title="sfml-graphics">
				<Option output="/home/hyuri/CGprojeto/build-SFML-master-Desktop-Default/lib/libsfml-graphics.so" prefix_auto="0" extension_auto="0"/>
				<Option working_dir="/home/hyuri/CGprojeto/build-SFML-master-Desktop-Default/src/SFML/Graphics"/>
				<Option object_output="./"/>
				<Option type="3"/>
				<Option compiler="gcc"/>
				<Compiler>
					<Add option="-DSTBI_FAILURE_USERMSG"/>
					<Add directory="/home/hyuri/CGprojeto/SFML-master/include"/>
					<Add directory="/home/hyuri/CGprojeto/SFML-master/src"/>
					<Add directory="/home/hyuri/CGprojeto/SFML-master/extlibs/headers/stb_image"/>
					<Add directory="/usr/include/freetype2"/>
					<Add directory="/usr/include/c++/7"/>
					<Add directory="/usr/include/x86_64-linux-gnu/c++/7"/>
					<Add directory="/usr/include/c++/7/backward"/>
					<Add directory="/usr/lib/gcc/x86_64-linux-gnu/7/include"/>
					<Add directory="/usr/local/include"/>
					<Add directory="/usr/lib/gcc/x86_64-linux-gnu/7/include-fixed"/>
					<Add directory="/usr/include/x86_64-linux-gnu"/>
					<Add directory="/usr/include"/>
				</Compiler>
				<MakeCommands>
					<Build command="/usr/bin/make -j4 -f &quot;/home/hyuri/CGprojeto/build-SFML-master-Desktop-Default/src/SFML/Graphics/Makefile&quot;  VERBOSE=1 sfml-graphics"/>
					<CompileFile command="/usr/bin/make -j4 -f &quot;/home/hyuri/CGprojeto/build-SFML-master-Desktop-Default/src/SFML/Graphics/Makefile&quot;  VERBOSE=1 &quot;$file&quot;"/>
					<Clean command="/usr/bin/make -j4 -f &quot;/home/hyuri/CGprojeto/build-SFML-master-Desktop-Default/src/SFML/Graphics/Makefile&quot;  VERBOSE=1 clean"/>
					<DistClean command="/usr/bin/make -j4 -f &quot;/home/hyuri/CGprojeto/build-SFML-master-Desktop-Default/src/SFML/Graphics/Makefile&quot;  VERBOSE=1 clean"/>
				</MakeCommands>
			</Target>
			<Target title="sfml-graphics/fast">
				<Option output="/home/hyuri/CGprojeto/build-SFML-master-Desktop-Default/lib/libsfml-graphics.so" prefix_auto="0" extension_auto="0"/>
				<Option working_dir="/home/hyuri/CGprojeto/build-SFML-master-Desktop-Default/src/SFML/Graphics"/>
				<Option object_output="./"/>
				<Option type="3"/>
				<Option compiler="gcc"/>
				<Compiler>
					<Add option="-DSTBI_FAILURE_USERMSG"/>
					<Add directory="/home/hyuri/CGprojeto/SFML-master/include"/>
					<Add directory="/home/hyuri/CGprojeto/SFML-master/src"/>
					<Add directory="/home/hyuri/CGprojeto/SFML-master/extlibs/headers/stb_image"/>
					<Add directory="/usr/include/freetype2"/>
					<Add directory="/usr/include/c++/7"/>
					<Add directory="/usr/include/x86_64-linux-gnu/c++/7"/>
					<Add directory="/usr/include/c++/7/backward"/>
					<Add directory="/usr/lib/gcc/x86_64-linux-gnu/7/include"/>
					<Add directory="/usr/local/include"/>
					<Add directory="/usr/lib/gcc/x86_64-linux-gnu/7/include-fixed"/>
					<Add directory="/usr/include/x86_64-linux-gnu"/>
					<Add directory="/usr/include"/>
				</Compiler>
				<MakeCommands>
					<Build command="/usr/bin/make -j4 -f &quot;/home/hyuri/CGprojeto/build-SFML-master-Desktop-Default/src/SFML/Graphics/Makefile&quot;  VERBOSE=1 sfml-graphics/fast"/>
					<CompileFile command="/usr/bin/make -j4 -f &quot;/home/hyuri/CGprojeto/build-SFML-master-Desktop-Default/src/SFML/Graphics/Makefile&quot;  VERBOSE=1 &quot;$file&quot;"/>
					<Clean command="/usr/bin/make -j4 -f &quot;/home/hyuri/CGprojeto/build-SFML-master-Desktop-Default/src/SFML/Graphics/Makefile&quot;  VERBOSE=1 clean"/>
					<DistClean command="/usr/bin/make -j4 -f &quot;/home/hyuri/CGprojeto/build-SFML-master-Desktop-Default/src/SFML/Graphics/Makefile&quot;  VERBOSE=1 clean"/>
				</MakeCommands>
			</Target>
			<Target title="sfml-audio">
				<Option output="/home/hyuri/CGprojeto/build-SFML-master-Desktop-Default/lib/libsfml-audio.so" prefix_auto="0" extension_auto="0"/>
				<Option working_dir="/home/hyuri/CGprojeto/build-SFML-master-Desktop-Default/src/SFML/Audio"/>
				<Option object_output="./"/>
				<Option type="3"/>
				<Option compiler="gcc"/>
				<Compiler>
					<Add option="-DOV_EXCLUDE_STATIC_CALLBACKS"/>
					<Add option="-DFLAC__NO_DLL"/>
					<Add directory="/home/hyuri/CGprojeto/SFML-master/include"/>
					<Add directory="/home/hyuri/CGprojeto/SFML-master/src"/>
					<Add directory="/usr/include/AL"/>
					<Add directory="/usr/include/c++/7"/>
					<Add directory="/usr/include/x86_64-linux-gnu/c++/7"/>
					<Add directory="/usr/include/c++/7/backward"/>
					<Add directory="/usr/lib/gcc/x86_64-linux-gnu/7/include"/>
					<Add directory="/usr/local/include"/>
					<Add directory="/usr/lib/gcc/x86_64-linux-gnu/7/include-fixed"/>
					<Add directory="/usr/include/x86_64-linux-gnu"/>
					<Add directory="/usr/include"/>
				</Compiler>
				<MakeCommands>
					<Build command="/usr/bin/make -j4 -f &quot;/home/hyuri/CGprojeto/build-SFML-master-Desktop-Default/src/SFML/Audio/Makefile&quot;  VERBOSE=1 sfml-audio"/>
					<CompileFile command="/usr/bin/make -j4 -f &quot;/home/hyuri/CGprojeto/build-SFML-master-Desktop-Default/src/SFML/Audio/Makefile&quot;  VERBOSE=1 &quot;$file&quot;"/>
					<Clean command="/usr/bin/make -j4 -f &quot;/home/hyuri/CGprojeto/build-SFML-master-Desktop-Default/src/SFML/Audio/Makefile&quot;  VERBOSE=1 clean"/>
					<DistClean command="/usr/bin/make -j4 -f &quot;/home/hyuri/CGprojeto/build-SFML-master-Desktop-Default/src/SFML/Audio/Makefile&quot;  VERBOSE=1 clean"/>
				</MakeCommands>
			</Target>
			<Target title="sfml-audio/fast">
				<Option output="/home/hyuri/CGprojeto/build-SFML-master-Desktop-Default/lib/libsfml-audio.so" prefix_auto="0" extension_auto="0"/>
				<Option working_dir="/home/hyuri/CGprojeto/build-SFML-master-Desktop-Default/src/SFML/Audio"/>
				<Option object_output="./"/>
				<Option type="3"/>
				<Option compiler="gcc"/>
				<Compiler>
					<Add option="-DOV_EXCLUDE_STATIC_CALLBACKS"/>
					<Add option="-DFLAC__NO_DLL"/>
					<Add directory="/home/hyuri/CGprojeto/SFML-master/include"/>
					<Add directory="/home/hyuri/CGprojeto/SFML-master/src"/>
					<Add directory="/usr/include/AL"/>
					<Add directory="/usr/include/c++/7"/>
					<Add directory="/usr/include/x86_64-linux-gnu/c++/7"/>
					<Add directory="/usr/include/c++/7/backward"/>
					<Add directory="/usr/lib/gcc/x86_64-linux-gnu/7/include"/>
					<Add directory="/usr/local/include"/>
					<Add directory="/usr/lib/gcc/x86_64-linux-gnu/7/include-fixed"/>
					<Add directory="/usr/include/x86_64-linux-gnu"/>
					<Add directory="/usr/include"/>
				</Compiler>
				<MakeCommands>
					<Build command="/usr/bin/make -j4 -f &quot;/home/hyuri/CGprojeto/build-SFML-master-Desktop-Default/src/SFML/Audio/Makefile&quot;  VERBOSE=1 sfml-audio/fast"/>
					<CompileFile command="/usr/bin/make -j4 -f &quot;/home/hyuri/CGprojeto/build-SFML-master-Desktop-Default/src/SFML/Audio/Makefile&quot;  VERBOSE=1 &quot;$file&quot;"/>
					<Clean command="/usr/bin/make -j4 -f &quot;/home/hyuri/CGprojeto/build-SFML-master-Desktop-Default/src/SFML/Audio/Makefile&quot;  VERBOSE=1 clean"/>
					<DistClean command="/usr/bin/make -j4 -f &quot;/home/hyuri/CGprojeto/build-SFML-master-Desktop-Default/src/SFML/Audio/Makefile&quot;  VERBOSE=1 clean"/>
				</MakeCommands>
			</Target>
		</Build>
		<Unit filename="/home/hyuri/CGprojeto/SFML-master/include/SFML/Audio/AlResource.hpp">
			<Option target="sfml-audio"/>
		</Unit>
		<Unit filename="/home/hyuri/CGprojeto/SFML-master/include/SFML/Audio/Export.hpp">
			<Option target="sfml-audio"/>
		</Unit>
		<Unit filename="/home/hyuri/CGprojeto/SFML-master/include/SFML/Audio/InputSoundFile.hpp">
			<Option target="sfml-audio"/>
		</Unit>
		<Unit filename="/home/hyuri/CGprojeto/SFML-master/include/SFML/Audio/Listener.hpp">
			<Option target="sfml-audio"/>
		</Unit>
		<Unit filename="/home/hyuri/CGprojeto/SFML-master/include/SFML/Audio/Music.hpp">
			<Option target="sfml-audio"/>
		</Unit>
		<Unit filename="/home/hyuri/CGprojeto/SFML-master/include/SFML/Audio/OutputSoundFile.hpp">
			<Option target="sfml-audio"/>
		</Unit>
		<Unit filename="/home/hyuri/CGprojeto/SFML-master/include/SFML/Audio/Sound.hpp">
			<Option target="sfml-audio"/>
		</Unit>
		<Unit filename="/home/hyuri/CGprojeto/SFML-master/include/SFML/Audio/SoundBuffer.hpp">
			<Option target="sfml-audio"/>
		</Unit>
		<Unit filename="/home/hyuri/CGprojeto/SFML-master/include/SFML/Audio/SoundBufferRecorder.hpp">
			<Option target="sfml-audio"/>
		</Unit>
		<Unit filename="/home/hyuri/CGprojeto/SFML-master/include/SFML/Audio/SoundFileFactory.hpp">
			<Option target="sfml-audio"/>
		</Unit>
		<Unit filename="/home/hyuri/CGprojeto/SFML-master/include/SFML/Audio/SoundFileFactory.inl">
			<Option target="sfml-audio"/>
		</Unit>
		<Unit filename="/home/hyuri/CGprojeto/SFML-master/include/SFML/Audio/SoundFileReader.hpp">
			<Option target="sfml-audio"/>
		</Unit>
		<Unit filename="/home/hyuri/CGprojeto/SFML-master/include/SFML/Audio/SoundFileWriter.hpp">
			<Option target="sfml-audio"/>
		</Unit>
		<Unit filename="/home/hyuri/CGprojeto/SFML-master/include/SFML/Audio/SoundRecorder.hpp">
			<Option target="sfml-audio"/>
		</Unit>
		<Unit filename="/home/hyuri/CGprojeto/SFML-master/include/SFML/Audio/SoundSource.hpp">
			<Option target="sfml-audio"/>
		</Unit>
		<Unit filename="/home/hyuri/CGprojeto/SFML-master/include/SFML/Audio/SoundStream.hpp">
			<Option target="sfml-audio"/>
		</Unit>
		<Unit filename="/home/hyuri/CGprojeto/SFML-master/include/SFML/Graphics/BlendMode.hpp">
			<Option target="sfml-graphics"/>
		</Unit>
		<Unit filename="/home/hyuri/CGprojeto/SFML-master/include/SFML/Graphics/CircleShape.hpp">
			<Option target="sfml-graphics"/>
		</Unit>
		<Unit filename="/home/hyuri/CGprojeto/SFML-master/include/SFML/Graphics/Color.hpp">
			<Option target="sfml-graphics"/>
		</Unit>
		<Unit filename="/home/hyuri/CGprojeto/SFML-master/include/SFML/Graphics/ConvexShape.hpp">
			<Option target="sfml-graphics"/>
		</Unit>
		<Unit filename="/home/hyuri/CGprojeto/SFML-master/include/SFML/Graphics/Drawable.hpp">
			<Option target="sfml-graphics"/>
		</Unit>
		<Unit filename="/home/hyuri/CGprojeto/SFML-master/include/SFML/Graphics/Export.hpp">
			<Option target="sfml-graphics"/>
		</Unit>
		<Unit filename="/home/hyuri/CGprojeto/SFML-master/include/SFML/Graphics/Font.hpp">
			<Option target="sfml-graphics"/>
		</Unit>
		<Unit filename="/home/hyuri/CGprojeto/SFML-master/include/SFML/Graphics/Glsl.hpp">
			<Option target="sfml-graphics"/>
		</Unit>
		<Unit filename="/home/hyuri/CGprojeto/SFML-master/include/SFML/Graphics/Glsl.inl">
			<Option target="sfml-graphics"/>
		</Unit>
		<Unit filename="/home/hyuri/CGprojeto/SFML-master/include/SFML/Graphics/Glyph.hpp">
			<Option target="sfml-graphics"/>
		</Unit>
		<Unit filename="/home/hyuri/CGprojeto/SFML-master/include/SFML/Graphics/Image.hpp">
			<Option target="sfml-graphics"/>
		</Unit>
		<Unit filename="/home/hyuri/CGprojeto/SFML-master/include/SFML/Graphics/PrimitiveType.hpp">
			<Option target="sfml-graphics"/>
		</Unit>
		<Unit filename="/home/hyuri/CGprojeto/SFML-master/include/SFML/Graphics/Rect.hpp">
			<Option target="sfml-graphics"/>
		</Unit>
		<Unit filename="/home/hyuri/CGprojeto/SFML-master/include/SFML/Graphics/Rect.inl">
			<Option target="sfml-graphics"/>
		</Unit>
		<Unit filename="/home/hyuri/CGprojeto/SFML-master/include/SFML/Graphics/RectangleShape.hpp">
			<Option target="sfml-graphics"/>
		</Unit>
		<Unit filename="/home/hyuri/CGprojeto/SFML-master/include/SFML/Graphics/RenderStates.hpp">
			<Option target="sfml-graphics"/>
		</Unit>
		<Unit filename="/home/hyuri/CGprojeto/SFML-master/include/SFML/Graphics/RenderTarget.hpp">
			<Option target="sfml-graphics"/>
		</Unit>
		<Unit filename="/home/hyuri/CGprojeto/SFML-master/include/SFML/Graphics/RenderTexture.hpp">
			<Option target="sfml-graphics"/>
		</Unit>
		<Unit filename="/home/hyuri/CGprojeto/SFML-master/include/SFML/Graphics/RenderWindow.hpp">
			<Option target="sfml-graphics"/>
		</Unit>
		<Unit filename="/home/hyuri/CGprojeto/SFML-master/include/SFML/Graphics/Shader.hpp">
			<Option target="sfml-graphics"/>
		</Unit>
		<Unit filename="/home/hyuri/CGprojeto/SFML-master/include/SFML/Graphics/Shape.hpp">
			<Option target="sfml-graphics"/>
		</Unit>
		<Unit filename="/home/hyuri/CGprojeto/SFML-master/include/SFML/Graphics/Sprite.hpp">
			<Option target="sfml-graphics"/>
		</Unit>
		<Unit filename="/home/hyuri/CGprojeto/SFML-master/include/SFML/Graphics/Text.hpp">
			<Option target="sfml-graphics"/>
		</Unit>
		<Unit filename="/home/hyuri/CGprojeto/SFML-master/include/SFML/Graphics/Texture.hpp">
			<Option target="sfml-graphics"/>
		</Unit>
		<Unit filename="/home/hyuri/CGprojeto/SFML-master/include/SFML/Graphics/Transform.hpp">
			<Option target="sfml-graphics"/>
		</Unit>
		<Unit filename="/home/hyuri/CGprojeto/SFML-master/include/SFML/Graphics/Transformable.hpp">
			<Option target="sfml-graphics"/>
		</Unit>
		<Unit filename="/home/hyuri/CGprojeto/SFML-master/include/SFML/Graphics/Vertex.hpp">
			<Option target="sfml-graphics"/>
		</Unit>
		<Unit filename="/home/hyuri/CGprojeto/SFML-master/include/SFML/Graphics/VertexArray.hpp">
			<Option target="sfml-graphics"/>
		</Unit>
		<Unit filename="/home/hyuri/CGprojeto/SFML-master/include/SFML/Graphics/VertexBuffer.hpp">
			<Option target="sfml-graphics"/>
		</Unit>
		<Unit filename="/home/hyuri/CGprojeto/SFML-master/include/SFML/Graphics/View.hpp">
			<Option target="sfml-graphics"/>
		</Unit>
		<Unit filename="/home/hyuri/CGprojeto/SFML-master/include/SFML/Network/Export.hpp">
			<Option target="sfml-network"/>
		</Unit>
		<Unit filename="/home/hyuri/CGprojeto/SFML-master/include/SFML/Network/Ftp.hpp">
			<Option target="sfml-network"/>
		</Unit>
		<Unit filename="/home/hyuri/CGprojeto/SFML-master/include/SFML/Network/Http.hpp">
			<Option target="sfml-network"/>
		</Unit>
		<Unit filename="/home/hyuri/CGprojeto/SFML-master/include/SFML/Network/IpAddress.hpp">
			<Option target="sfml-network"/>
		</Unit>
		<Unit filename="/home/hyuri/CGprojeto/SFML-master/include/SFML/Network/Packet.hpp">
			<Option target="sfml-network"/>
		</Unit>
		<Unit filename="/home/hyuri/CGprojeto/SFML-master/include/SFML/Network/Socket.hpp">
			<Option target="sfml-network"/>
		</Unit>
		<Unit filename="/home/hyuri/CGprojeto/SFML-master/include/SFML/Network/SocketHandle.hpp">
			<Option target="sfml-network"/>
		</Unit>
		<Unit filename="/home/hyuri/CGprojeto/SFML-master/include/SFML/Network/SocketSelector.hpp">
			<Option target="sfml-network"/>
		</Unit>
		<Unit filename="/home/hyuri/CGprojeto/SFML-master/include/SFML/Network/TcpListener.hpp">
			<Option target="sfml-network"/>
		</Unit>
		<Unit filename="/home/hyuri/CGprojeto/SFML-master/include/SFML/Network/TcpSocket.hpp">
			<Option target="sfml-network"/>
		</Unit>
		<Unit filename="/home/hyuri/CGprojeto/SFML-master/include/SFML/Network/UdpSocket.hpp">
			<Option target="sfml-network"/>
		</Unit>
		<Unit filename="/home/hyuri/CGprojeto/SFML-master/include/SFML/System/Clock.hpp">
			<Option target="sfml-system"/>
		</Unit>
		<Unit filename="/home/hyuri/CGprojeto/SFML-master/include/SFML/System/Err.hpp">
			<Option target="sfml-system"/>
		</Unit>
		<Unit filename="/home/hyuri/CGprojeto/SFML-master/include/SFML/System/Export.hpp">
			<Option target="sfml-system"/>
		</Unit>
		<Unit filename="/home/hyuri/CGprojeto/SFML-master/include/SFML/System/FileInputStream.hpp">
			<Option target="sfml-system"/>
		</Unit>
		<Unit filename="/home/hyuri/CGprojeto/SFML-master/include/SFML/System/InputStream.hpp">
			<Option target="sfml-system"/>
		</Unit>
		<Unit filename="/home/hyuri/CGprojeto/SFML-master/include/SFML/System/Lock.hpp">
			<Option target="sfml-system"/>
		</Unit>
		<Unit filename="/home/hyuri/CGprojeto/SFML-master/include/SFML/System/MemoryInputStream.hpp">
			<Option target="sfml-system"/>
		</Unit>
		<Unit filename="/home/hyuri/CGprojeto/SFML-master/include/SFML/System/Mutex.hpp">
			<Option target="sfml-system"/>
		</Unit>
		<Unit filename="/home/hyuri/CGprojeto/SFML-master/include/SFML/System/NativeActivity.hpp">
			<Option target="sfml-system"/>
		</Unit>
		<Unit filename="/home/hyuri/CGprojeto/SFML-master/include/SFML/System/NonCopyable.hpp">
			<Option target="sfml-system"/>
		</Unit>
		<Unit filename="/home/hyuri/CGprojeto/SFML-master/include/SFML/System/Sleep.hpp">
			<Option target="sfml-system"/>
		</Unit>
		<Unit filename="/home/hyuri/CGprojeto/SFML-master/include/SFML/System/String.hpp">
			<Option target="sfml-system"/>
		</Unit>
		<Unit filename="/home/hyuri/CGprojeto/SFML-master/include/SFML/System/String.inl">
			<Option target="sfml-system"/>
		</Unit>
		<Unit filename="/home/hyuri/CGprojeto/SFML-master/include/SFML/System/Thread.hpp">
			<Option target="sfml-system"/>
		</Unit>
		<Unit filename="/home/hyuri/CGprojeto/SFML-master/include/SFML/System/Thread.inl">
			<Option target="sfml-system"/>
		</Unit>
		<Unit filename="/home/hyuri/CGprojeto/SFML-master/include/SFML/System/ThreadLocal.hpp">
			<Option target="sfml-system"/>
		</Unit>
		<Unit filename="/home/hyuri/CGprojeto/SFML-master/include/SFML/System/ThreadLocalPtr.hpp">
			<Option target="sfml-system"/>
		</Unit>
		<Unit filename="/home/hyuri/CGprojeto/SFML-master/include/SFML/System/ThreadLocalPtr.inl">
			<Option target="sfml-system"/>
		</Unit>
		<Unit filename="/home/hyuri/CGprojeto/SFML-master/include/SFML/System/Time.hpp">
			<Option target="sfml-system"/>
		</Unit>
		<Unit filename="/home/hyuri/CGprojeto/SFML-master/include/SFML/System/Utf.hpp">
			<Option target="sfml-system"/>
		</Unit>
		<Unit filename="/home/hyuri/CGprojeto/SFML-master/include/SFML/System/Utf.inl">
			<Option target="sfml-system"/>
		</Unit>
		<Unit filename="/home/hyuri/CGprojeto/SFML-master/include/SFML/System/Vector2.hpp">
			<Option target="sfml-system"/>
		</Unit>
		<Unit filename="/home/hyuri/CGprojeto/SFML-master/include/SFML/System/Vector2.inl">
			<Option target="sfml-system"/>
		</Unit>
		<Unit filename="/home/hyuri/CGprojeto/SFML-master/include/SFML/System/Vector3.hpp">
			<Option target="sfml-system"/>
		</Unit>
		<Unit filename="/home/hyuri/CGprojeto/SFML-master/include/SFML/System/Vector3.inl">
			<Option target="sfml-system"/>
		</Unit>
		<Unit filename="/home/hyuri/CGprojeto/SFML-master/include/SFML/Window/Clipboard.hpp">
			<Option target="sfml-window"/>
		</Unit>
		<Unit filename="/home/hyuri/CGprojeto/SFML-master/include/SFML/Window/Context.hpp">
			<Option target="sfml-window"/>
		</Unit>
		<Unit filename="/home/hyuri/CGprojeto/SFML-master/include/SFML/Window/ContextSettings.hpp">
			<Option target="sfml-window"/>
		</Unit>
		<Unit filename="/home/hyuri/CGprojeto/SFML-master/include/SFML/Window/Cursor.hpp">
			<Option target="sfml-window"/>
		</Unit>
		<Unit filename="/home/hyuri/CGprojeto/SFML-master/include/SFML/Window/Event.hpp">
			<Option target="sfml-window"/>
		</Unit>
		<Unit filename="/home/hyuri/CGprojeto/SFML-master/include/SFML/Window/Export.hpp">
			<Option target="sfml-window"/>
		</Unit>
		<Unit filename="/home/hyuri/CGprojeto/SFML-master/include/SFML/Window/GlResource.hpp">
			<Option target="sfml-window"/>
		</Unit>
		<Unit filename="/home/hyuri/CGprojeto/SFML-master/include/SFML/Window/Joystick.hpp">
			<Option target="sfml-window"/>
		</Unit>
		<Unit filename="/home/hyuri/CGprojeto/SFML-master/include/SFML/Window/Keyboard.hpp">
			<Option target="sfml-window"/>
		</Unit>
		<Unit filename="/home/hyuri/CGprojeto/SFML-master/include/SFML/Window/Mouse.hpp">
			<Option target="sfml-window"/>
		</Unit>
		<Unit filename="/home/hyuri/CGprojeto/SFML-master/include/SFML/Window/Sensor.hpp">
			<Option target="sfml-window"/>
		</Unit>
		<Unit filename="/home/hyuri/CGprojeto/SFML-master/include/SFML/Window/Touch.hpp">
			<Option target="sfml-window"/>
		</Unit>
		<Unit filename="/home/hyuri/CGprojeto/SFML-master/include/SFML/Window/VideoMode.hpp">
			<Option target="sfml-window"/>
		</Unit>
		<Unit filename="/home/hyuri/CGprojeto/SFML-master/include/SFML/Window/Window.hpp">
			<Option target="sfml-window"/>
		</Unit>
		<Unit filename="/home/hyuri/CGprojeto/SFML-master/include/SFML/Window/WindowHandle.hpp">
			<Option target="sfml-window"/>
		</Unit>
		<Unit filename="/home/hyuri/CGprojeto/SFML-master/include/SFML/Window/WindowStyle.hpp">
			<Option target="sfml-window"/>
		</Unit>
		<Unit filename="/home/hyuri/CGprojeto/SFML-master/src/SFML/Audio/ALCheck.cpp">
			<Option target="sfml-audio"/>
		</Unit>
		<Unit filename="/home/hyuri/CGprojeto/SFML-master/src/SFML/Audio/ALCheck.hpp">
			<Option target="sfml-audio"/>
		</Unit>
		<Unit filename="/home/hyuri/CGprojeto/SFML-master/src/SFML/Audio/AlResource.cpp">
			<Option target="sfml-audio"/>
		</Unit>
		<Unit filename="/home/hyuri/CGprojeto/SFML-master/src/SFML/Audio/AudioDevice.cpp">
			<Option target="sfml-audio"/>
		</Unit>
		<Unit filename="/home/hyuri/CGprojeto/SFML-master/src/SFML/Audio/AudioDevice.hpp">
			<Option target="sfml-audio"/>
		</Unit>
		<Unit filename="/home/hyuri/CGprojeto/SFML-master/src/SFML/Audio/InputSoundFile.cpp">
			<Option target="sfml-audio"/>
		</Unit>
		<Unit filename="/home/hyuri/CGprojeto/SFML-master/src/SFML/Audio/Listener.cpp">
			<Option target="sfml-audio"/>
		</Unit>
		<Unit filename="/home/hyuri/CGprojeto/SFML-master/src/SFML/Audio/Music.cpp">
			<Option target="sfml-audio"/>
		</Unit>
		<Unit filename="/home/hyuri/CGprojeto/SFML-master/src/SFML/Audio/OutputSoundFile.cpp">
			<Option target="sfml-audio"/>
		</Unit>
		<Unit filename="/home/hyuri/CGprojeto/SFML-master/src/SFML/Audio/Sound.cpp">
			<Option target="sfml-audio"/>
		</Unit>
		<Unit filename="/home/hyuri/CGprojeto/SFML-master/src/SFML/Audio/SoundBuffer.cpp">
			<Option target="sfml-audio"/>
		</Unit>
		<Unit filename="/home/hyuri/CGprojeto/SFML-master/src/SFML/Audio/SoundBufferRecorder.cpp">
			<Option target="sfml-audio"/>
		</Unit>
		<Unit filename="/home/hyuri/CGprojeto/SFML-master/src/SFML/Audio/SoundFileFactory.cpp">
			<Option target="sfml-audio"/>
		</Unit>
		<Unit filename="/home/hyuri/CGprojeto/SFML-master/src/SFML/Audio/SoundFileReaderFlac.cpp">
			<Option target="sfml-audio"/>
		</Unit>
		<Unit filename="/home/hyuri/CGprojeto/SFML-master/src/SFML/Audio/SoundFileReaderFlac.hpp">
			<Option target="sfml-audio"/>
		</Unit>
		<Unit filename="/home/hyuri/CGprojeto/SFML-master/src/SFML/Audio/SoundFileReaderOgg.cpp">
			<Option target="sfml-audio"/>
		</Unit>
		<Unit filename="/home/hyuri/CGprojeto/SFML-master/src/SFML/Audio/SoundFileReaderOgg.hpp">
			<Option target="sfml-audio"/>
		</Unit>
		<Unit filename="/home/hyuri/CGprojeto/SFML-master/src/SFML/Audio/SoundFileReaderWav.cpp">
			<Option target="sfml-audio"/>
		</Unit>
		<Unit filename="/home/hyuri/CGprojeto/SFML-master/src/SFML/Audio/SoundFileReaderWav.hpp">
			<Option target="sfml-audio"/>
		</Unit>
		<Unit filename="/home/hyuri/CGprojeto/SFML-master/src/SFML/Audio/SoundFileWriterFlac.cpp">
			<Option target="sfml-audio"/>
		</Unit>
		<Unit filename="/home/hyuri/CGprojeto/SFML-master/src/SFML/Audio/SoundFileWriterFlac.hpp">
			<Option target="sfml-audio"/>
		</Unit>
		<Unit filename="/home/hyuri/CGprojeto/SFML-master/src/SFML/Audio/SoundFileWriterOgg.cpp">
			<Option target="sfml-audio"/>
		</Unit>
		<Unit filename="/home/hyuri/CGprojeto/SFML-master/src/SFML/Audio/SoundFileWriterOgg.hpp">
			<Option target="sfml-audio"/>
		</Unit>
		<Unit filename="/home/hyuri/CGprojeto/SFML-master/src/SFML/Audio/SoundFileWriterWav.cpp">
			<Option target="sfml-audio"/>
		</Unit>
		<Unit filename="/home/hyuri/CGprojeto/SFML-master/src/SFML/Audio/SoundFileWriterWav.hpp">
			<Option target="sfml-audio"/>
		</Unit>
		<Unit filename="/home/hyuri/CGprojeto/SFML-master/src/SFML/Audio/SoundRecorder.cpp">
			<Option target="sfml-audio"/>
		</Unit>
		<Unit filename="/home/hyuri/CGprojeto/SFML-master/src/SFML/Audio/SoundSource.cpp">
			<Option target="sfml-audio"/>
		</Unit>
		<Unit filename="/home/hyuri/CGprojeto/SFML-master/src/SFML/Audio/SoundStream.cpp">
			<Option target="sfml-audio"/>
		</Unit>
		<Unit filename="/home/hyuri/CGprojeto/SFML-master/src/SFML/Graphics/BlendMode.cpp">
			<Option target="sfml-graphics"/>
		</Unit>
		<Unit filename="/home/hyuri/CGprojeto/SFML-master/src/SFML/Graphics/CircleShape.cpp">
			<Option target="sfml-graphics"/>
		</Unit>
		<Unit filename="/home/hyuri/CGprojeto/SFML-master/src/SFML/Graphics/Color.cpp">
			<Option target="sfml-graphics"/>
		</Unit>
		<Unit filename="/home/hyuri/CGprojeto/SFML-master/src/SFML/Graphics/ConvexShape.cpp">
			<Option target="sfml-graphics"/>
		</Unit>
		<Unit filename="/home/hyuri/CGprojeto/SFML-master/src/SFML/Graphics/Font.cpp">
			<Option target="sfml-graphics"/>
		</Unit>
		<Unit filename="/home/hyuri/CGprojeto/SFML-master/src/SFML/Graphics/GLCheck.cpp">
			<Option target="sfml-graphics"/>
		</Unit>
		<Unit filename="/home/hyuri/CGprojeto/SFML-master/src/SFML/Graphics/GLCheck.hpp">
			<Option target="sfml-graphics"/>
		</Unit>
		<Unit filename="/home/hyuri/CGprojeto/SFML-master/src/SFML/Graphics/GLExtensions.cpp">
			<Option target="sfml-graphics"/>
		</Unit>
		<Unit filename="/home/hyuri/CGprojeto/SFML-master/src/SFML/Graphics/GLExtensions.hpp">
			<Option target="sfml-graphics"/>
		</Unit>
		<Unit filename="/home/hyuri/CGprojeto/SFML-master/src/SFML/Graphics/GLLoader.cpp">
			<Option target="sfml-graphics"/>
		</Unit>
		<Unit filename="/home/hyuri/CGprojeto/SFML-master/src/SFML/Graphics/GLLoader.hpp">
			<Option target="sfml-graphics"/>
		</Unit>
		<Unit filename="/home/hyuri/CGprojeto/SFML-master/src/SFML/Graphics/Glsl.cpp">
			<Option target="sfml-graphics"/>
		</Unit>
		<Unit filename="/home/hyuri/CGprojeto/SFML-master/src/SFML/Graphics/Image.cpp">
			<Option target="sfml-graphics"/>
		</Unit>
		<Unit filename="/home/hyuri/CGprojeto/SFML-master/src/SFML/Graphics/ImageLoader.cpp">
			<Option target="sfml-graphics"/>
		</Unit>
		<Unit filename="/home/hyuri/CGprojeto/SFML-master/src/SFML/Graphics/ImageLoader.hpp">
			<Option target="sfml-graphics"/>
		</Unit>
		<Unit filename="/home/hyuri/CGprojeto/SFML-master/src/SFML/Graphics/RectangleShape.cpp">
			<Option target="sfml-graphics"/>
		</Unit>
		<Unit filename="/home/hyuri/CGprojeto/SFML-master/src/SFML/Graphics/RenderStates.cpp">
			<Option target="sfml-graphics"/>
		</Unit>
		<Unit filename="/home/hyuri/CGprojeto/SFML-master/src/SFML/Graphics/RenderTarget.cpp">
			<Option target="sfml-graphics"/>
		</Unit>
		<Unit filename="/home/hyuri/CGprojeto/SFML-master/src/SFML/Graphics/RenderTexture.cpp">
			<Option target="sfml-graphics"/>
		</Unit>
		<Unit filename="/home/hyuri/CGprojeto/SFML-master/src/SFML/Graphics/RenderTextureImpl.cpp">
			<Option target="sfml-graphics"/>
		</Unit>
		<Unit filename="/home/hyuri/CGprojeto/SFML-master/src/SFML/Graphics/RenderTextureImpl.hpp">
			<Option target="sfml-graphics"/>
		</Unit>
		<Unit filename="/home/hyuri/CGprojeto/SFML-master/src/SFML/Graphics/RenderTextureImplDefault.cpp">
			<Option target="sfml-graphics"/>
		</Unit>
		<Unit filename="/home/hyuri/CGprojeto/SFML-master/src/SFML/Graphics/RenderTextureImplDefault.hpp">
			<Option target="sfml-graphics"/>
		</Unit>
		<Unit filename="/home/hyuri/CGprojeto/SFML-master/src/SFML/Graphics/RenderTextureImplFBO.cpp">
			<Option target="sfml-graphics"/>
		</Unit>
		<Unit filename="/home/hyuri/CGprojeto/SFML-master/src/SFML/Graphics/RenderTextureImplFBO.hpp">
			<Option target="sfml-graphics"/>
		</Unit>
		<Unit filename="/home/hyuri/CGprojeto/SFML-master/src/SFML/Graphics/RenderWindow.cpp">
			<Option target="sfml-graphics"/>
		</Unit>
		<Unit filename="/home/hyuri/CGprojeto/SFML-master/src/SFML/Graphics/Shader.cpp">
			<Option target="sfml-graphics"/>
		</Unit>
		<Unit filename="/home/hyuri/CGprojeto/SFML-master/src/SFML/Graphics/Shape.cpp">
			<Option target="sfml-graphics"/>
		</Unit>
		<Unit filename="/home/hyuri/CGprojeto/SFML-master/src/SFML/Graphics/Sprite.cpp">
			<Option target="sfml-graphics"/>
		</Unit>
		<Unit filename="/home/hyuri/CGprojeto/SFML-master/src/SFML/Graphics/Text.cpp">
			<Option target="sfml-graphics"/>
		</Unit>
		<Unit filename="/home/hyuri/CGprojeto/SFML-master/src/SFML/Graphics/Texture.cpp">
			<Option target="sfml-graphics"/>
		</Unit>
		<Unit filename="/home/hyuri/CGprojeto/SFML-master/src/SFML/Graphics/TextureSaver.cpp">
			<Option target="sfml-graphics"/>
		</Unit>
		<Unit filename="/home/hyuri/CGprojeto/SFML-master/src/SFML/Graphics/TextureSaver.hpp">
			<Option target="sfml-graphics"/>
		</Unit>
		<Unit filename="/home/hyuri/CGprojeto/SFML-master/src/SFML/Graphics/Transform.cpp">
			<Option target="sfml-graphics"/>
		</Unit>
		<Unit filename="/home/hyuri/CGprojeto/SFML-master/src/SFML/Graphics/Transformable.cpp">
			<Option target="sfml-graphics"/>
		</Unit>
		<Unit filename="/home/hyuri/CGprojeto/SFML-master/src/SFML/Graphics/Vertex.cpp">
			<Option target="sfml-graphics"/>
		</Unit>
		<Unit filename="/home/hyuri/CGprojeto/SFML-master/src/SFML/Graphics/VertexArray.cpp">
			<Option target="sfml-graphics"/>
		</Unit>
		<Unit filename="/home/hyuri/CGprojeto/SFML-master/src/SFML/Graphics/VertexBuffer.cpp">
			<Option target="sfml-graphics"/>
		</Unit>
		<Unit filename="/home/hyuri/CGprojeto/SFML-master/src/SFML/Graphics/View.cpp">
			<Option target="sfml-graphics"/>
		</Unit>
		<Unit filename="/home/hyuri/CGprojeto/SFML-master/src/SFML/Network/Ftp.cpp">
			<Option target="sfml-network"/>
		</Unit>
		<Unit filename="/home/hyuri/CGprojeto/SFML-master/src/SFML/Network/Http.cpp">
			<Option target="sfml-network"/>
		</Unit>
		<Unit filename="/home/hyuri/CGprojeto/SFML-master/src/SFML/Network/IpAddress.cpp">
			<Option target="sfml-network"/>
		</Unit>
		<Unit filename="/home/hyuri/CGprojeto/SFML-master/src/SFML/Network/Packet.cpp">
			<Option target="sfml-network"/>
		</Unit>
		<Unit filename="/home/hyuri/CGprojeto/SFML-master/src/SFML/Network/Socket.cpp">
			<Option target="sfml-network"/>
		</Unit>
		<Unit filename="/home/hyuri/CGprojeto/SFML-master/src/SFML/Network/SocketImpl.hpp">
			<Option target="sfml-network"/>
		</Unit>
		<Unit filename="/home/hyuri/CGprojeto/SFML-master/src/SFML/Network/SocketSelector.cpp">
			<Option target="sfml-network"/>
		</Unit>
		<Unit filename="/home/hyuri/CGprojeto/SFML-master/src/SFML/Network/TcpListener.cpp">
			<Option target="sfml-network"/>
		</Unit>
		<Unit filename="/home/hyuri/CGprojeto/SFML-master/src/SFML/Network/TcpSocket.cpp">
			<Option target="sfml-network"/>
		</Unit>
		<Unit filename="/home/hyuri/CGprojeto/SFML-master/src/SFML/Network/UdpSocket.cpp">
			<Option target="sfml-network"/>
		</Unit>
		<Unit filename="/home/hyuri/CGprojeto/SFML-master/src/SFML/Network/Unix/SocketImpl.cpp">
			<Option target="sfml-network"/>
		</Unit>
		<Unit filename="/home/hyuri/CGprojeto/SFML-master/src/SFML/Network/Unix/SocketImpl.hpp">
			<Option target="sfml-network"/>
		</Unit>
		<Unit filename="/home/hyuri/CGprojeto/SFML-master/src/SFML/System/Clock.cpp">
			<Option target="sfml-system"/>
		</Unit>
		<Unit filename="/home/hyuri/CGprojeto/SFML-master/src/SFML/System/Err.cpp">
			<Option target="sfml-system"/>
		</Unit>
		<Unit filename="/home/hyuri/CGprojeto/SFML-master/src/SFML/System/FileInputStream.cpp">
			<Option target="sfml-system"/>
		</Unit>
		<Unit filename="/home/hyuri/CGprojeto/SFML-master/src/SFML/System/Lock.cpp">
			<Option target="sfml-system"/>
		</Unit>
		<Unit filename="/home/hyuri/CGprojeto/SFML-master/src/SFML/System/MemoryInputStream.cpp">
			<Option target="sfml-system"/>
		</Unit>
		<Unit filename="/home/hyuri/CGprojeto/SFML-master/src/SFML/System/Mutex.cpp">
			<Option target="sfml-system"/>
		</Unit>
		<Unit filename="/home/hyuri/CGprojeto/SFML-master/src/SFML/System/Sleep.cpp">
			<Option target="sfml-system"/>
		</Unit>
		<Unit filename="/home/hyuri/CGprojeto/SFML-master/src/SFML/System/String.cpp">
			<Option target="sfml-system"/>
		</Unit>
		<Unit filename="/home/hyuri/CGprojeto/SFML-master/src/SFML/System/Thread.cpp">
			<Option target="sfml-system"/>
		</Unit>
		<Unit filename="/home/hyuri/CGprojeto/SFML-master/src/SFML/System/ThreadLocal.cpp">
			<Option target="sfml-system"/>
		</Unit>
		<Unit filename="/home/hyuri/CGprojeto/SFML-master/src/SFML/System/Time.cpp">
			<Option target="sfml-system"/>
		</Unit>
		<Unit filename="/home/hyuri/CGprojeto/SFML-master/src/SFML/System/Unix/ClockImpl.cpp">
			<Option target="sfml-system"/>
		</Unit>
		<Unit filename="/home/hyuri/CGprojeto/SFML-master/src/SFML/System/Unix/ClockImpl.hpp">
			<Option target="sfml-system"/>
		</Unit>
		<Unit filename="/home/hyuri/CGprojeto/SFML-master/src/SFML/System/Unix/MutexImpl.cpp">
			<Option target="sfml-system"/>
		</Unit>
		<Unit filename="/home/hyuri/CGprojeto/SFML-master/src/SFML/System/Unix/MutexImpl.hpp">
			<Option target="sfml-system"/>
		</Unit>
		<Unit filename="/home/hyuri/CGprojeto/SFML-master/src/SFML/System/Unix/SleepImpl.cpp">
			<Option target="sfml-system"/>
		</Unit>
		<Unit filename="/home/hyuri/CGprojeto/SFML-master/src/SFML/System/Unix/SleepImpl.hpp">
			<Option target="sfml-system"/>
		</Unit>
		<Unit filename="/home/hyuri/CGprojeto/SFML-master/src/SFML/System/Unix/ThreadImpl.cpp">
			<Option target="sfml-system"/>
		</Unit>
		<Unit filename="/home/hyuri/CGprojeto/SFML-master/src/SFML/System/Unix/ThreadImpl.hpp">
			<Option target="sfml-system"/>
		</Unit>
		<Unit filename="/home/hyuri/CGprojeto/SFML-master/src/SFML/System/Unix/ThreadLocalImpl.cpp">
			<Option target="sfml-system"/>
		</Unit>
		<Unit filename="/home/hyuri/CGprojeto/SFML-master/src/SFML/System/Unix/ThreadLocalImpl.hpp">
			<Option target="sfml-system"/>
		</Unit>
		<Unit filename="/home/hyuri/CGprojeto/SFML-master/src/SFML/Window/Clipboard.cpp">
			<Option target="sfml-window"/>
		</Unit>
		<Unit filename="/home/hyuri/CGprojeto/SFML-master/src/SFML/Window/ClipboardImpl.hpp">
			<Option target="sfml-window"/>
		</Unit>
		<Unit filename="/home/hyuri/CGprojeto/SFML-master/src/SFML/Window/Context.cpp">
			<Option target="sfml-window"/>
		</Unit>
		<Unit filename="/home/hyuri/CGprojeto/SFML-master/src/SFML/Window/Cursor.cpp">
			<Option target="sfml-window"/>
		</Unit>
		<Unit filename="/home/hyuri/CGprojeto/SFML-master/src/SFML/Window/CursorImpl.hpp">
			<Option target="sfml-window"/>
		</Unit>
		<Unit filename="/home/hyuri/CGprojeto/SFML-master/src/SFML/Window/GlContext.cpp">
			<Option target="sfml-window"/>
		</Unit>
		<Unit filename="/home/hyuri/CGprojeto/SFML-master/src/SFML/Window/GlContext.hpp">
			<Option target="sfml-window"/>
		</Unit>
		<Unit filename="/home/hyuri/CGprojeto/SFML-master/src/SFML/Window/GlResource.cpp">
			<Option target="sfml-window"/>
		</Unit>
		<Unit filename="/home/hyuri/CGprojeto/SFML-master/src/SFML/Window/InputImpl.hpp">
			<Option target="sfml-window"/>
		</Unit>
		<Unit filename="/home/hyuri/CGprojeto/SFML-master/src/SFML/Window/Joystick.cpp">
			<Option target="sfml-window"/>
		</Unit>
		<Unit filename="/home/hyuri/CGprojeto/SFML-master/src/SFML/Window/JoystickImpl.hpp">
			<Option target="sfml-window"/>
		</Unit>
		<Unit filename="/home/hyuri/CGprojeto/SFML-master/src/SFML/Window/JoystickManager.cpp">
			<Option target="sfml-window"/>
		</Unit>
		<Unit filename="/home/hyuri/CGprojeto/SFML-master/src/SFML/Window/JoystickManager.hpp">
			<Option target="sfml-window"/>
		</Unit>
		<Unit filename="/home/hyuri/CGprojeto/SFML-master/src/SFML/Window/Keyboard.cpp">
			<Option target="sfml-window"/>
		</Unit>
		<Unit filename="/home/hyuri/CGprojeto/SFML-master/src/SFML/Window/Mouse.cpp">
			<Option target="sfml-window"/>
		</Unit>
		<Unit filename="/home/hyuri/CGprojeto/SFML-master/src/SFML/Window/Sensor.cpp">
			<Option target="sfml-window"/>
		</Unit>
		<Unit filename="/home/hyuri/CGprojeto/SFML-master/src/SFML/Window/SensorImpl.hpp">
			<Option target="sfml-window"/>
		</Unit>
		<Unit filename="/home/hyuri/CGprojeto/SFML-master/src/SFML/Window/SensorManager.cpp">
			<Option target="sfml-window"/>
		</Unit>
		<Unit filename="/home/hyuri/CGprojeto/SFML-master/src/SFML/Window/SensorManager.hpp">
			<Option target="sfml-window"/>
		</Unit>
		<Unit filename="/home/hyuri/CGprojeto/SFML-master/src/SFML/Window/Touch.cpp">
			<Option target="sfml-window"/>
		</Unit>
		<Unit filename="/home/hyuri/CGprojeto/SFML-master/src/SFML/Window/Unix/ClipboardImpl.cpp">
			<Option target="sfml-window"/>
		</Unit>
		<Unit filename="/home/hyuri/CGprojeto/SFML-master/src/SFML/Window/Unix/ClipboardImpl.hpp">
			<Option target="sfml-window"/>
		</Unit>
		<Unit filename="/home/hyuri/CGprojeto/SFML-master/src/SFML/Window/Unix/CursorImpl.cpp">
			<Option target="sfml-window"/>
		</Unit>
		<Unit filename="/home/hyuri/CGprojeto/SFML-master/src/SFML/Window/Unix/CursorImpl.hpp">
			<Option target="sfml-window"/>
		</Unit>
		<Unit filename="/home/hyuri/CGprojeto/SFML-master/src/SFML/Window/Unix/Display.cpp">
			<Option target="sfml-window"/>
		</Unit>
		<Unit filename="/home/hyuri/CGprojeto/SFML-master/src/SFML/Window/Unix/Display.hpp">
			<Option target="sfml-window"/>
		</Unit>
		<Unit filename="/home/hyuri/CGprojeto/SFML-master/src/SFML/Window/Unix/GlxContext.cpp">
			<Option target="sfml-window"/>
		</Unit>
		<Unit filename="/home/hyuri/CGprojeto/SFML-master/src/SFML/Window/Unix/GlxContext.hpp">
			<Option target="sfml-window"/>
		</Unit>
		<Unit filename="/home/hyuri/CGprojeto/SFML-master/src/SFML/Window/Unix/GlxExtensions.cpp">
			<Option target="sfml-window"/>
		</Unit>
		<Unit filename="/home/hyuri/CGprojeto/SFML-master/src/SFML/Window/Unix/GlxExtensions.hpp">
			<Option target="sfml-window"/>
		</Unit>
		<Unit filename="/home/hyuri/CGprojeto/SFML-master/src/SFML/Window/Unix/InputImpl.cpp">
			<Option target="sfml-window"/>
		</Unit>
		<Unit filename="/home/hyuri/CGprojeto/SFML-master/src/SFML/Window/Unix/InputImpl.hpp">
			<Option target="sfml-window"/>
		</Unit>
		<Unit filename="/home/hyuri/CGprojeto/SFML-master/src/SFML/Window/Unix/JoystickImpl.cpp">
			<Option target="sfml-window"/>
		</Unit>
		<Unit filename="/home/hyuri/CGprojeto/SFML-master/src/SFML/Window/Unix/JoystickImpl.hpp">
			<Option target="sfml-window"/>
		</Unit>
		<Unit filename="/home/hyuri/CGprojeto/SFML-master/src/SFML/Window/Unix/SensorImpl.cpp">
			<Option target="sfml-window"/>
		</Unit>
		<Unit filename="/home/hyuri/CGprojeto/SFML-master/src/SFML/Window/Unix/SensorImpl.hpp">
			<Option target="sfml-window"/>
		</Unit>
		<Unit filename="/home/hyuri/CGprojeto/SFML-master/src/SFML/Window/Unix/VideoModeImpl.cpp">
			<Option target="sfml-window"/>
		</Unit>
		<Unit filename="/home/hyuri/CGprojeto/SFML-master/src/SFML/Window/Unix/WindowImplX11.cpp">
			<Option target="sfml-window"/>
		</Unit>
		<Unit filename="/home/hyuri/CGprojeto/SFML-master/src/SFML/Window/Unix/WindowImplX11.hpp">
			<Option target="sfml-window"/>
		</Unit>
		<Unit filename="/home/hyuri/CGprojeto/SFML-master/src/SFML/Window/VideoMode.cpp">
			<Option target="sfml-window"/>
		</Unit>
		<Unit filename="/home/hyuri/CGprojeto/SFML-master/src/SFML/Window/VideoModeImpl.hpp">
			<Option target="sfml-window"/>
		</Unit>
		<Unit filename="/home/hyuri/CGprojeto/SFML-master/src/SFML/Window/Window.cpp">
			<Option target="sfml-window"/>
		</Unit>
		<Unit filename="/home/hyuri/CGprojeto/SFML-master/src/SFML/Window/WindowImpl.cpp">
			<Option target="sfml-window"/>
		</Unit>
		<Unit filename="/home/hyuri/CGprojeto/SFML-master/src/SFML/Window/WindowImpl.hpp">
			<Option target="sfml-window"/>
		</Unit>
		<Unit filename="/home/hyuri/CGprojeto/SFML-master/CMakeLists.txt">
			<Option virtualFolder="CMake Files\"/>
		</Unit>
		<Unit filename="/home/hyuri/CGprojeto/SFML-master/cmake/Config.cmake">
			<Option virtualFolder="CMake Files\cmake\"/>
		</Unit>
		<Unit filename="/home/hyuri/CGprojeto/SFML-master/cmake/Macros.cmake">
			<Option virtualFolder="CMake Files\cmake\"/>
		</Unit>
		<Unit filename="/home/hyuri/CGprojeto/SFML-master/cmake/SFMLConfig.cmake.in">
			<Option virtualFolder="CMake Files\cmake\"/>
		</Unit>
		<Unit filename="/home/hyuri/CGprojeto/SFML-master/cmake/SFMLConfigDependencies.cmake.in">
			<Option virtualFolder="CMake Files\cmake\"/>
		</Unit>
		<Unit filename="/home/hyuri/CGprojeto/SFML-master/cmake/Modules/FindFLAC.cmake">
			<Option virtualFolder="CMake Files\cmake\Modules\"/>
		</Unit>
		<Unit filename="/home/hyuri/CGprojeto/SFML-master/cmake/Modules/FindFreetype.cmake">
			<Option virtualFolder="CMake Files\cmake\Modules\"/>
		</Unit>
		<Unit filename="/home/hyuri/CGprojeto/SFML-master/cmake/Modules/FindUDev.cmake">
			<Option virtualFolder="CMake Files\cmake\Modules\"/>
		</Unit>
		<Unit filename="/home/hyuri/CGprojeto/SFML-master/cmake/Modules/FindVorbis.cmake">
			<Option virtualFolder="CMake Files\cmake\Modules\"/>
		</Unit>
		<Unit filename="/home/hyuri/CGprojeto/SFML-master/tools/pkg-config/sfml-all.pc.in">
			<Option virtualFolder="CMake Files\tools\pkg-config\"/>
		</Unit>
		<Unit filename="/home/hyuri/CGprojeto/SFML-master/tools/pkg-config/sfml-audio.pc.in">
			<Option virtualFolder="CMake Files\tools\pkg-config\"/>
		</Unit>
		<Unit filename="/home/hyuri/CGprojeto/SFML-master/tools/pkg-config/sfml-graphics.pc.in">
			<Option virtualFolder="CMake Files\tools\pkg-config\"/>
		</Unit>
		<Unit filename="/home/hyuri/CGprojeto/SFML-master/tools/pkg-config/sfml-network.pc.in">
			<Option virtualFolder="CMake Files\tools\pkg-config\"/>
		</Unit>
		<Unit filename="/home/hyuri/CGprojeto/SFML-master/tools/pkg-config/sfml-system.pc.in">
			<Option virtualFolder="CMake Files\tools\pkg-config\"/>
		</Unit>
		<Unit filename="/home/hyuri/CGprojeto/SFML-master/tools/pkg-config/sfml-window.pc.in">
			<Option virtualFolder="CMake Files\tools\pkg-config\"/>
		</Unit>
		<Unit filename="/home/hyuri/CGprojeto/SFML-master/src/SFML/CMakeLists.txt">
			<Option virtualFolder="CMake Files\src\SFML\"/>
		</Unit>
		<Unit filename="/home/hyuri/CGprojeto/SFML-master/src/SFML/System/CMakeLists.txt">
			<Option virtualFolder="CMake Files\src\SFML\System\"/>
		</Unit>
		<Unit filename="/home/hyuri/CGprojeto/SFML-master/src/SFML/Window/CMakeLists.txt">
			<Option virtualFolder="CMake Files\src\SFML\Window\"/>
		</Unit>
		<Unit filename="/home/hyuri/CGprojeto/SFML-master/src/SFML/Network/CMakeLists.txt">
			<Option virtualFolder="CMake Files\src\SFML\Network\"/>
		</Unit>
		<Unit filename="/home/hyuri/CGprojeto/SFML-master/src/SFML/Graphics/CMakeLists.txt">
			<Option virtualFolder="CMake Files\src\SFML\Graphics\"/>
		</Unit>
		<Unit filename="/home/hyuri/CGprojeto/SFML-master/src/SFML/Audio/CMakeLists.txt">
			<Option virtualFolder="CMake Files\src\SFML\Audio\"/>
		</Unit>
	</Project>
</CodeBlocks_project_file>
